
Microsoft Visual Studio Solution File, Format Version 12.00
# Visual Studio 14
VisualStudioVersion = 14.0.24720.0
MinimumVisualStudioVersion = 10.0.40219.1
Project("{D4B43EB3-688B-4EEE-86BD-088F0B28ABB3}") = "Atea.SMSEagle", "Atea.SMSEagle\Atea.SMSEagle.mpproj", "{F6C15B81-4F17-4335-960B-E382CEF8799A}"
EndProject
Global
	GlobalSection(SolutionConfigurationPlatforms) = preSolution
		Debug|x86 = Debug|x86
		Release|x86 = Release|x86
	EndGlobalSection
	GlobalSection(ProjectConfigurationPlatforms) = postSolution
		{F6C15B81-4F17-4335-960B-E382CEF8799A}.Debug|x86.ActiveCfg = Debug|x86
		{F6C15B81-4F17-4335-960B-E382CEF8799A}.Debug|x86.Build.0 = Debug|x86
		{F6C15B81-4F17-4335-960B-E382CEF8799A}.Release|x86.ActiveCfg = Release|x86
		{F6C15B81-4F17-4335-960B-E382CEF8799A}.Release|x86.Build.0 = Release|x86
	EndGlobalSection
	GlobalSection(SolutionProperties) = preSolution
		HideSolutionNode = FALSE
	EndGlobalSection
EndGlobal
